
Microsoft Visual Studio Solution File, Format Version 12.00
# Visual Studio 14
VisualStudioVersion = 14.0.25420.1
MinimumVisualStudioVersion = 10.0.40219.1
Project("{2150E333-8FDC-42A3-9474-1A3956D46DE8}") = "Logic", "Logic", "{97B8503E-0EB0-4959-A4E6-21ECD15199C2}"
EndProject
Project("{2150E333-8FDC-42A3-9474-1A3956D46DE8}") = "UI", "UI", "{EE51243A-A2F7-466C-A15D-94843D708755}"
EndProject
Project("{FAE04EC0-301F-11D3-BF4B-00C04F79EFBC}") = "UI_Main", "UI_Main\UI_Main.csproj", "{E3399FB1-6445-4CFD-9D7E-E63A28758F29}"
EndProject
Project("{FAE04EC0-301F-11D3-BF4B-00C04F79EFBC}") = "Logic.UI", "Logic.UI\Logic.UI.csproj", "{25DE8D22-221F-486E-A688-C800271CD138}"
EndProject
Project("{2150E333-8FDC-42A3-9474-1A3956D46DE8}") = ".shared", ".shared", "{DE14FD8E-E0E2-4D54-AC56-8A3861C540B2}"
	ProjectSection(SolutionItems) = preProject
		.shared\SharedAssemblyInfo.cs = .shared\SharedAssemblyInfo.cs
	EndProjectSection
EndProject
Project("{FAE04EC0-301F-11D3-BF4B-00C04F79EFBC}") = "Logic.DataProcess", "Logic.DataProcess\Logic.DataProcess.csproj", "{7CE5B522-9EB9-4407-BF75-098F8F0FA94D}"
EndProject
Project("{FAE04EC0-301F-11D3-BF4B-00C04F79EFBC}") = "UI_TestConsole", "UI_TestConsole\UI_TestConsole.csproj", "{918B85F9-8FA9-4EEE-A2B2-E40DB744019F}"
EndProject
Global
	GlobalSection(SolutionConfigurationPlatforms) = preSolution
		Debug|Any CPU = Debug|Any CPU
		Release|Any CPU = Release|Any CPU
	EndGlobalSection
	GlobalSection(ProjectConfigurationPlatforms) = postSolution
		{E3399FB1-6445-4CFD-9D7E-E63A28758F29}.Debug|Any CPU.ActiveCfg = Debug|Any CPU
		{E3399FB1-6445-4CFD-9D7E-E63A28758F29}.Debug|Any CPU.Build.0 = Debug|Any CPU
		{E3399FB1-6445-4CFD-9D7E-E63A28758F29}.Release|Any CPU.ActiveCfg = Release|Any CPU
		{E3399FB1-6445-4CFD-9D7E-E63A28758F29}.Release|Any CPU.Build.0 = Release|Any CPU
		{25DE8D22-221F-486E-A688-C800271CD138}.Debug|Any CPU.ActiveCfg = Debug|Any CPU
		{25DE8D22-221F-486E-A688-C800271CD138}.Debug|Any CPU.Build.0 = Debug|Any CPU
		{25DE8D22-221F-486E-A688-C800271CD138}.Release|Any CPU.ActiveCfg = Release|Any CPU
		{25DE8D22-221F-486E-A688-C800271CD138}.Release|Any CPU.Build.0 = Release|Any CPU
		{7CE5B522-9EB9-4407-BF75-098F8F0FA94D}.Debug|Any CPU.ActiveCfg = Debug|Any CPU
		{7CE5B522-9EB9-4407-BF75-098F8F0FA94D}.Debug|Any CPU.Build.0 = Debug|Any CPU
		{7CE5B522-9EB9-4407-BF75-098F8F0FA94D}.Release|Any CPU.ActiveCfg = Release|Any CPU
		{7CE5B522-9EB9-4407-BF75-098F8F0FA94D}.Release|Any CPU.Build.0 = Release|Any CPU
		{918B85F9-8FA9-4EEE-A2B2-E40DB744019F}.Debug|Any CPU.ActiveCfg = Debug|Any CPU
		{918B85F9-8FA9-4EEE-A2B2-E40DB744019F}.Debug|Any CPU.Build.0 = Debug|Any CPU
		{918B85F9-8FA9-4EEE-A2B2-E40DB744019F}.Release|Any CPU.ActiveCfg = Release|Any CPU
		{918B85F9-8FA9-4EEE-A2B2-E40DB744019F}.Release|Any CPU.Build.0 = Release|Any CPU
	EndGlobalSection
	GlobalSection(SolutionProperties) = preSolution
		HideSolutionNode = FALSE
	EndGlobalSection
	GlobalSection(NestedProjects) = preSolution
		{E3399FB1-6445-4CFD-9D7E-E63A28758F29} = {EE51243A-A2F7-466C-A15D-94843D708755}
		{25DE8D22-221F-486E-A688-C800271CD138} = {97B8503E-0EB0-4959-A4E6-21ECD15199C2}
		{7CE5B522-9EB9-4407-BF75-098F8F0FA94D} = {97B8503E-0EB0-4959-A4E6-21ECD15199C2}
		{918B85F9-8FA9-4EEE-A2B2-E40DB744019F} = {EE51243A-A2F7-466C-A15D-94843D708755}
	EndGlobalSection
EndGlobal
